
Microsoft Visual Studio Solution File, Format Version 12.00
# Visual Studio 15
VisualStudioVersion = 15.0.28307.645
MinimumVisualStudioVersion = 10.0.40219.1
Project("{FAE04EC0-301F-11D3-BF4B-00C04F79EFBC}") = "InterfacesAndTestability", "InterfacesAndTestability\InterfacesAndTestability.csproj", "{75D7F66B-9A08-4799-A869-6DD230303CE8}"
EndProject
Project("{FAE04EC0-301F-11D3-BF4B-00C04F79EFBC}") = "InterfacesAndTestability.UnitTests", "InterfacesAndTestability.UnitTests\InterfacesAndTestability.UnitTests.csproj", "{034F64C8-4771-4C7E-90EE-B3A29C99BB50}"
EndProject
Global
	GlobalSection(SolutionConfigurationPlatforms) = preSolution
		Debug|Any CPU = Debug|Any CPU
		Release|Any CPU = Release|Any CPU
	EndGlobalSection
	GlobalSection(ProjectConfigurationPlatforms) = postSolution
		{75D7F66B-9A08-4799-A869-6DD230303CE8}.Debug|Any CPU.ActiveCfg = Debug|Any CPU
		{75D7F66B-9A08-4799-A869-6DD230303CE8}.Debug|Any CPU.Build.0 = Debug|Any CPU
		{75D7F66B-9A08-4799-A869-6DD230303CE8}.Release|Any CPU.ActiveCfg = Release|Any CPU
		{75D7F66B-9A08-4799-A869-6DD230303CE8}.Release|Any CPU.Build.0 = Release|Any CPU
		{034F64C8-4771-4C7E-90EE-B3A29C99BB50}.Debug|Any CPU.ActiveCfg = Debug|Any CPU
		{034F64C8-4771-4C7E-90EE-B3A29C99BB50}.Debug|Any CPU.Build.0 = Debug|Any CPU
		{034F64C8-4771-4C7E-90EE-B3A29C99BB50}.Release|Any CPU.ActiveCfg = Release|Any CPU
		{034F64C8-4771-4C7E-90EE-B3A29C99BB50}.Release|Any CPU.Build.0 = Release|Any CPU
	EndGlobalSection
	GlobalSection(SolutionProperties) = preSolution
		HideSolutionNode = FALSE
	EndGlobalSection
	GlobalSection(ExtensibilityGlobals) = postSolution
		SolutionGuid = {A4F75621-14CB-4DED-BF7B-2EF10AAFB87F}
	EndGlobalSection
EndGlobal
